
Microsoft Visual Studio Solution File, Format Version 12.00
# Visual Studio Version 17
VisualStudioVersion = 17.0.31903.59
MinimumVisualStudioVersion = 10.0.40219.1
Project("{FAE04EC0-301F-11D3-BF4B-00C04F79EFBC}") = "task13", ".\task13\task13.csproj", "{A2492D14-A36A-478B-8E67-5E0702A252C1}"
EndProject
Project("{FAE04EC0-301F-11D3-BF4B-00C04F79EFBC}") = "task13tests", ".\task13tests\task13tests.csproj", "{86DCF7DB-75B7-4055-9518-A47BFD75F5B8}"
EndProject
Project("{FAE04EC0-301F-11D3-BF4B-00C04F79EFBC}") = "task13ConsoleApp", ".\task13ConsoleApp\task13ConsoleApp.csproj", "{65F685F0-8881-41DA-A606-83609462DEDE}"
EndProject
Global
	GlobalSection(SolutionConfigurationPlatforms) = preSolution
		Debug|Any CPU = Debug|Any CPU
		Release|Any CPU = Release|Any CPU
	EndGlobalSection
	GlobalSection(SolutionProperties) = preSolution
		HideSolutionNode = FALSE
	EndGlobalSection
	GlobalSection(ProjectConfigurationPlatforms) = postSolution
		{A2492D14-A36A-478B-8E67-5E0702A252C1}.Debug|Any CPU.ActiveCfg = Debug|Any CPU
		{A2492D14-A36A-478B-8E67-5E0702A252C1}.Debug|Any CPU.Build.0 = Debug|Any CPU
		{A2492D14-A36A-478B-8E67-5E0702A252C1}.Release|Any CPU.ActiveCfg = Release|Any CPU
		{A2492D14-A36A-478B-8E67-5E0702A252C1}.Release|Any CPU.Build.0 = Release|Any CPU
		{86DCF7DB-75B7-4055-9518-A47BFD75F5B8}.Debug|Any CPU.ActiveCfg = Debug|Any CPU
		{86DCF7DB-75B7-4055-9518-A47BFD75F5B8}.Debug|Any CPU.Build.0 = Debug|Any CPU
		{86DCF7DB-75B7-4055-9518-A47BFD75F5B8}.Release|Any CPU.ActiveCfg = Release|Any CPU
		{86DCF7DB-75B7-4055-9518-A47BFD75F5B8}.Release|Any CPU.Build.0 = Release|Any CPU
		{65F685F0-8881-41DA-A606-83609462DEDE}.Debug|Any CPU.ActiveCfg = Debug|Any CPU
		{65F685F0-8881-41DA-A606-83609462DEDE}.Debug|Any CPU.Build.0 = Debug|Any CPU
		{65F685F0-8881-41DA-A606-83609462DEDE}.Release|Any CPU.ActiveCfg = Release|Any CPU
		{65F685F0-8881-41DA-A606-83609462DEDE}.Release|Any CPU.Build.0 = Release|Any CPU
	EndGlobalSection
EndGlobal
