
Microsoft Visual Studio Solution File, Format Version 12.00
# Visual Studio Version 17
VisualStudioVersion = 17.0.31903.59
MinimumVisualStudioVersion = 10.0.40219.1
Project("{FAE04EC0-301F-11D3-BF4B-00C04F79EFBC}") = "task14", "task14\task14.csproj", "{4A6414EB-D218-4974-AE1C-34B5E4BE071A}"
EndProject
Project("{FAE04EC0-301F-11D3-BF4B-00C04F79EFBC}") = "task14tests", "task14tests\task14tests.csproj", "{796A539E-6969-4CAE-A6B6-217CFF877744}"
EndProject
Global
	GlobalSection(SolutionConfigurationPlatforms) = preSolution
		Debug|Any CPU = Debug|Any CPU
		Release|Any CPU = Release|Any CPU
	EndGlobalSection
	GlobalSection(SolutionProperties) = preSolution
		HideSolutionNode = FALSE
	EndGlobalSection
	GlobalSection(ProjectConfigurationPlatforms) = postSolution
		{4A6414EB-D218-4974-AE1C-34B5E4BE071A}.Debug|Any CPU.ActiveCfg = Debug|Any CPU
		{4A6414EB-D218-4974-AE1C-34B5E4BE071A}.Debug|Any CPU.Build.0 = Debug|Any CPU
		{4A6414EB-D218-4974-AE1C-34B5E4BE071A}.Release|Any CPU.ActiveCfg = Release|Any CPU
		{4A6414EB-D218-4974-AE1C-34B5E4BE071A}.Release|Any CPU.Build.0 = Release|Any CPU
		{796A539E-6969-4CAE-A6B6-217CFF877744}.Debug|Any CPU.ActiveCfg = Debug|Any CPU
		{796A539E-6969-4CAE-A6B6-217CFF877744}.Debug|Any CPU.Build.0 = Debug|Any CPU
		{796A539E-6969-4CAE-A6B6-217CFF877744}.Release|Any CPU.ActiveCfg = Release|Any CPU
		{796A539E-6969-4CAE-A6B6-217CFF877744}.Release|Any CPU.Build.0 = Release|Any CPU
	EndGlobalSection
EndGlobal
